
Microsoft Visual Studio Solution File, Format Version 12.00
# Visual Studio Version 16
VisualStudioVersion = 16.0.31112.23
MinimumVisualStudioVersion = 10.0.40219.1
Project("{FAE04EC0-301F-11D3-BF4B-00C04F79EFBC}") = "FileJump_Mobile.Android", "FileJump_Mobile\FileJump_Mobile.Android\FileJump_Mobile.Android.csproj", "{78AC01B2-F8A6-4DD2-BC2D-BDEC418DD30C}"
EndProject
Project("{FAE04EC0-301F-11D3-BF4B-00C04F79EFBC}") = "FileJump_Mobile.iOS", "FileJump_Mobile\FileJump_Mobile.iOS\FileJump_Mobile.iOS.csproj", "{0CF8C411-F4DF-498D-BED8-0F2637F5DD21}"
EndProject
Project("{FAE04EC0-301F-11D3-BF4B-00C04F79EFBC}") = "FileJump_Mobile", "FileJump_Mobile\FileJump_Mobile\FileJump_Mobile.csproj", "{797731CF-8DC6-466F-AF96-C16BA6E3E05F}"
	ProjectSection(ProjectDependencies) = postProject
		{5022048C-8E2C-4AB2-A47F-D036CDE4BA48} = {5022048C-8E2C-4AB2-A47F-D036CDE4BA48}
	EndProjectSection
EndProject
Project("{FAE04EC0-301F-11D3-BF4B-00C04F79EFBC}") = "FileJump.Network", "..\FileJump\FileJump_Network\FileJump.Network.csproj", "{5022048C-8E2C-4AB2-A47F-D036CDE4BA48}"
EndProject
Global
	GlobalSection(SolutionConfigurationPlatforms) = preSolution
		Debug|Any CPU = Debug|Any CPU
		Debug|iPhone = Debug|iPhone
		Debug|iPhoneSimulator = Debug|iPhoneSimulator
		Release|Any CPU = Release|Any CPU
		Release|iPhone = Release|iPhone
		Release|iPhoneSimulator = Release|iPhoneSimulator
	EndGlobalSection
	GlobalSection(ProjectConfigurationPlatforms) = postSolution
		{78AC01B2-F8A6-4DD2-BC2D-BDEC418DD30C}.Debug|Any CPU.ActiveCfg = Debug|Any CPU
		{78AC01B2-F8A6-4DD2-BC2D-BDEC418DD30C}.Debug|Any CPU.Build.0 = Debug|Any CPU
		{78AC01B2-F8A6-4DD2-BC2D-BDEC418DD30C}.Debug|Any CPU.Deploy.0 = Debug|Any CPU
		{78AC01B2-F8A6-4DD2-BC2D-BDEC418DD30C}.Debug|iPhone.ActiveCfg = Debug|Any CPU
		{78AC01B2-F8A6-4DD2-BC2D-BDEC418DD30C}.Debug|iPhone.Build.0 = Debug|Any CPU
		{78AC01B2-F8A6-4DD2-BC2D-BDEC418DD30C}.Debug|iPhone.Deploy.0 = Debug|Any CPU
		{78AC01B2-F8A6-4DD2-BC2D-BDEC418DD30C}.Debug|iPhoneSimulator.ActiveCfg = Debug|Any CPU
		{78AC01B2-F8A6-4DD2-BC2D-BDEC418DD30C}.Debug|iPhoneSimulator.Build.0 = Debug|Any CPU
		{78AC01B2-F8A6-4DD2-BC2D-BDEC418DD30C}.Debug|iPhoneSimulator.Deploy.0 = Debug|Any CPU
		{78AC01B2-F8A6-4DD2-BC2D-BDEC418DD30C}.Release|Any CPU.ActiveCfg = Release|Any CPU
		{78AC01B2-F8A6-4DD2-BC2D-BDEC418DD30C}.Release|Any CPU.Build.0 = Release|Any CPU
		{78AC01B2-F8A6-4DD2-BC2D-BDEC418DD30C}.Release|Any CPU.Deploy.0 = Release|Any CPU
		{78AC01B2-F8A6-4DD2-BC2D-BDEC418DD30C}.Release|iPhone.ActiveCfg = Release|Any CPU
		{78AC01B2-F8A6-4DD2-BC2D-BDEC418DD30C}.Release|iPhone.Build.0 = Release|Any CPU
		{78AC01B2-F8A6-4DD2-BC2D-BDEC418DD30C}.Release|iPhone.Deploy.0 = Release|Any CPU
		{78AC01B2-F8A6-4DD2-BC2D-BDEC418DD30C}.Release|iPhoneSimulator.ActiveCfg = Release|Any CPU
		{78AC01B2-F8A6-4DD2-BC2D-BDEC418DD30C}.Release|iPhoneSimulator.Build.0 = Release|Any CPU
		{78AC01B2-F8A6-4DD2-BC2D-BDEC418DD30C}.Release|iPhoneSimulator.Deploy.0 = Release|Any CPU
		{0CF8C411-F4DF-498D-BED8-0F2637F5DD21}.Debug|Any CPU.ActiveCfg = Debug|iPhone
		{0CF8C411-F4DF-498D-BED8-0F2637F5DD21}.Debug|Any CPU.Build.0 = Debug|iPhone
		{0CF8C411-F4DF-498D-BED8-0F2637F5DD21}.Debug|Any CPU.Deploy.0 = Debug|iPhone
		{0CF8C411-F4DF-498D-BED8-0F2637F5DD21}.Debug|iPhone.ActiveCfg = Debug|iPhone
		{0CF8C411-F4DF-498D-BED8-0F2637F5DD21}.Debug|iPhone.Build.0 = Debug|iPhone
		{0CF8C411-F4DF-498D-BED8-0F2637F5DD21}.Debug|iPhone.Deploy.0 = Debug|iPhone
		{0CF8C411-F4DF-498D-BED8-0F2637F5DD21}.Debug|iPhoneSimulator.ActiveCfg = Debug|iPhoneSimulator
		{0CF8C411-F4DF-498D-BED8-0F2637F5DD21}.Debug|iPhoneSimulator.Build.0 = Debug|iPhoneSimulator
		{0CF8C411-F4DF-498D-BED8-0F2637F5DD21}.Debug|iPhoneSimulator.Deploy.0 = Debug|iPhoneSimulator
		{0CF8C411-F4DF-498D-BED8-0F2637F5DD21}.Release|Any CPU.ActiveCfg = Release|iPhoneSimulator
		{0CF8C411-F4DF-498D-BED8-0F2637F5DD21}.Release|Any CPU.Build.0 = Release|iPhoneSimulator
		{0CF8C411-F4DF-498D-BED8-0F2637F5DD21}.Release|Any CPU.Deploy.0 = Release|iPhoneSimulator
		{0CF8C411-F4DF-498D-BED8-0F2637F5DD21}.Release|iPhone.ActiveCfg = Release|iPhone
		{0CF8C411-F4DF-498D-BED8-0F2637F5DD21}.Release|iPhone.Build.0 = Release|iPhone
		{0CF8C411-F4DF-498D-BED8-0F2637F5DD21}.Release|iPhone.Deploy.0 = Release|iPhone
		{0CF8C411-F4DF-498D-BED8-0F2637F5DD21}.Release|iPhoneSimulator.ActiveCfg = Release|iPhoneSimulator
		{0CF8C411-F4DF-498D-BED8-0F2637F5DD21}.Release|iPhoneSimulator.Build.0 = Release|iPhoneSimulator
		{0CF8C411-F4DF-498D-BED8-0F2637F5DD21}.Release|iPhoneSimulator.Deploy.0 = Release|iPhoneSimulator
		{797731CF-8DC6-466F-AF96-C16BA6E3E05F}.Debug|Any CPU.ActiveCfg = Debug|Any CPU
		{797731CF-8DC6-466F-AF96-C16BA6E3E05F}.Debug|Any CPU.Build.0 = Debug|Any CPU
		{797731CF-8DC6-466F-AF96-C16BA6E3E05F}.Debug|Any CPU.Deploy.0 = Debug|Any CPU
		{797731CF-8DC6-466F-AF96-C16BA6E3E05F}.Debug|iPhone.ActiveCfg = Debug|Any CPU
		{797731CF-8DC6-466F-AF96-C16BA6E3E05F}.Debug|iPhone.Build.0 = Debug|Any CPU
		{797731CF-8DC6-466F-AF96-C16BA6E3E05F}.Debug|iPhone.Deploy.0 = Debug|Any CPU
		{797731CF-8DC6-466F-AF96-C16BA6E3E05F}.Debug|iPhoneSimulator.ActiveCfg = Debug|Any CPU
		{797731CF-8DC6-466F-AF96-C16BA6E3E05F}.Debug|iPhoneSimulator.Build.0 = Debug|Any CPU
		{797731CF-8DC6-466F-AF96-C16BA6E3E05F}.Debug|iPhoneSimulator.Deploy.0 = Debug|Any CPU
		{797731CF-8DC6-466F-AF96-C16BA6E3E05F}.Release|Any CPU.ActiveCfg = Release|Any CPU
		{797731CF-8DC6-466F-AF96-C16BA6E3E05F}.Release|Any CPU.Build.0 = Release|Any CPU
		{797731CF-8DC6-466F-AF96-C16BA6E3E05F}.Release|Any CPU.Deploy.0 = Release|Any CPU
		{797731CF-8DC6-466F-AF96-C16BA6E3E05F}.Release|iPhone.ActiveCfg = Release|Any CPU
		{797731CF-8DC6-466F-AF96-C16BA6E3E05F}.Release|iPhone.Build.0 = Release|Any CPU
		{797731CF-8DC6-466F-AF96-C16BA6E3E05F}.Release|iPhone.Deploy.0 = Release|Any CPU
		{797731CF-8DC6-466F-AF96-C16BA6E3E05F}.Release|iPhoneSimulator.ActiveCfg = Release|Any CPU
		{797731CF-8DC6-466F-AF96-C16BA6E3E05F}.Release|iPhoneSimulator.Build.0 = Release|Any CPU
		{797731CF-8DC6-466F-AF96-C16BA6E3E05F}.Release|iPhoneSimulator.Deploy.0 = Release|Any CPU
		{5022048C-8E2C-4AB2-A47F-D036CDE4BA48}.Debug|Any CPU.ActiveCfg = Debug|Any CPU
		{5022048C-8E2C-4AB2-A47F-D036CDE4BA48}.Debug|Any CPU.Build.0 = Debug|Any CPU
		{5022048C-8E2C-4AB2-A47F-D036CDE4BA48}.Debug|iPhone.ActiveCfg = Debug|Any CPU
		{5022048C-8E2C-4AB2-A47F-D036CDE4BA48}.Debug|iPhone.Build.0 = Debug|Any CPU
		{5022048C-8E2C-4AB2-A47F-D036CDE4BA48}.Debug|iPhoneSimulator.ActiveCfg = Debug|Any CPU
		{5022048C-8E2C-4AB2-A47F-D036CDE4BA48}.Debug|iPhoneSimulator.Build.0 = Debug|Any CPU
		{5022048C-8E2C-4AB2-A47F-D036CDE4BA48}.Release|Any CPU.ActiveCfg = Release|Any CPU
		{5022048C-8E2C-4AB2-A47F-D036CDE4BA48}.Release|Any CPU.Build.0 = Release|Any CPU
		{5022048C-8E2C-4AB2-A47F-D036CDE4BA48}.Release|iPhone.ActiveCfg = Release|Any CPU
		{5022048C-8E2C-4AB2-A47F-D036CDE4BA48}.Release|iPhone.Build.0 = Release|Any CPU
		{5022048C-8E2C-4AB2-A47F-D036CDE4BA48}.Release|iPhoneSimulator.ActiveCfg = Release|Any CPU
		{5022048C-8E2C-4AB2-A47F-D036CDE4BA48}.Release|iPhoneSimulator.Build.0 = Release|Any CPU
	EndGlobalSection
	GlobalSection(SolutionProperties) = preSolution
		HideSolutionNode = FALSE
	EndGlobalSection
	GlobalSection(ExtensibilityGlobals) = postSolution
		SolutionGuid = {70205E5B-8B4E-4FF4-BFE7-D5E79D72864B}
	EndGlobalSection
EndGlobal
